
Microsoft Visual Studio Solution File, Format Version 12.00
# Visual Studio Version 16
VisualStudioVersion = 16.0.29230.47
MinimumVisualStudioVersion = 10.0.40219.1
Project("{FAE04EC0-301F-11D3-BF4B-00C04F79EFBC}") = "Server", "Server\Server.csproj", "{9FC872F6-55C1-4212-A7AD-89C8FE50DACC}"
EndProject
Project("{FAE04EC0-301F-11D3-BF4B-00C04F79EFBC}") = "ClientGUI", "ClientGUI\ClientGUI.csproj", "{DCD99AF6-637A-4C39-923B-6086FF84E12D}"
EndProject
Project("{FAE04EC0-301F-11D3-BF4B-00C04F79EFBC}") = "Doctor", "Doctor\Doctor.csproj", "{C706A9FD-AD0B-4FB8-90A0-383C4008E6D9}"
EndProject
Global
	GlobalSection(SolutionConfigurationPlatforms) = preSolution
		Debug|Any CPU = Debug|Any CPU
		Release|Any CPU = Release|Any CPU
	EndGlobalSection
	GlobalSection(ProjectConfigurationPlatforms) = postSolution
		{9FC872F6-55C1-4212-A7AD-89C8FE50DACC}.Debug|Any CPU.ActiveCfg = Debug|Any CPU
		{9FC872F6-55C1-4212-A7AD-89C8FE50DACC}.Debug|Any CPU.Build.0 = Debug|Any CPU
		{9FC872F6-55C1-4212-A7AD-89C8FE50DACC}.Release|Any CPU.ActiveCfg = Release|Any CPU
		{9FC872F6-55C1-4212-A7AD-89C8FE50DACC}.Release|Any CPU.Build.0 = Release|Any CPU
		{DCD99AF6-637A-4C39-923B-6086FF84E12D}.Debug|Any CPU.ActiveCfg = Debug|Any CPU
		{DCD99AF6-637A-4C39-923B-6086FF84E12D}.Debug|Any CPU.Build.0 = Debug|Any CPU
		{DCD99AF6-637A-4C39-923B-6086FF84E12D}.Release|Any CPU.ActiveCfg = Release|Any CPU
		{DCD99AF6-637A-4C39-923B-6086FF84E12D}.Release|Any CPU.Build.0 = Release|Any CPU
		{C706A9FD-AD0B-4FB8-90A0-383C4008E6D9}.Debug|Any CPU.ActiveCfg = Debug|Any CPU
		{C706A9FD-AD0B-4FB8-90A0-383C4008E6D9}.Debug|Any CPU.Build.0 = Debug|Any CPU
		{C706A9FD-AD0B-4FB8-90A0-383C4008E6D9}.Release|Any CPU.ActiveCfg = Release|Any CPU
		{C706A9FD-AD0B-4FB8-90A0-383C4008E6D9}.Release|Any CPU.Build.0 = Release|Any CPU
	EndGlobalSection
	GlobalSection(SolutionProperties) = preSolution
		HideSolutionNode = FALSE
	EndGlobalSection
	GlobalSection(ExtensibilityGlobals) = postSolution
		SolutionGuid = {3B32A881-DE24-4DE0-B3F9-E998FA75F7D2}
	EndGlobalSection
EndGlobal
